
Microsoft Visual Studio Solution File, Format Version 12.00
# Visual Studio Version 16
VisualStudioVersion = 16.0.31129.286
MinimumVisualStudioVersion = 10.0.40219.1
Project("{FAE04EC0-301F-11D3-BF4B-00C04F79EFBC}") = "CRM_test", "CRM_test\CRM_test.csproj", "{DA84198B-D09F-4C38-A3F7-547BDD101478}"
EndProject
Global
	GlobalSection(SolutionConfigurationPlatforms) = preSolution
		Debug|Any CPU = Debug|Any CPU
		Release|Any CPU = Release|Any CPU
	EndGlobalSection
	GlobalSection(ProjectConfigurationPlatforms) = postSolution
		{DA84198B-D09F-4C38-A3F7-547BDD101478}.Debug|Any CPU.ActiveCfg = Debug|Any CPU
		{DA84198B-D09F-4C38-A3F7-547BDD101478}.Debug|Any CPU.Build.0 = Debug|Any CPU
		{DA84198B-D09F-4C38-A3F7-547BDD101478}.Release|Any CPU.ActiveCfg = Release|Any CPU
		{DA84198B-D09F-4C38-A3F7-547BDD101478}.Release|Any CPU.Build.0 = Release|Any CPU
	EndGlobalSection
	GlobalSection(SolutionProperties) = preSolution
		HideSolutionNode = FALSE
	EndGlobalSection
	GlobalSection(ExtensibilityGlobals) = postSolution
		SolutionGuid = {2C33829C-128E-44BC-8F59-1C1A9B878B2E}
	EndGlobalSection
EndGlobal
